version = 1
revision = 2
requires-python = ">=3.13"

[[package]]
name = "anyio"
version = "4.9.0"
source = { registry = "https://pypi.org/simple" }
dependencies = [
    { name = "idna" },
    { name = "sniffio" },
]
sdist = { url = "https://files.pythonhosted.org/packages/95/7d/4c1bd541d4dffa1b52bd83fb8527089e097a106fc90b467a7313b105f840/anyio-4.9.0.tar.gz", hash = "sha256:673c0c244e15788651a4ff38710fea9675823028a6f08a5eda409e0c9840a028", size = 190949, upload-time = "2025-03-17T00:02:54.77Z" }
wheels = [
    { url = "https://files.pythonhosted.org/packages/a1/ee/48ca1a7c89ffec8b6a0c5d02b89c305671d5ffd8d3c94acf8b8c408575bb/anyio-4.9.0-py3-none-any.whl", hash = "sha256:9f76d541cad6e36af7beb62e978876f3b41e3e04f2c1fbf0884604c0a9c4d93c", size = 100916, upload-time = "2025-03-17T00:02:52.713Z" },
]

[[package]]
name = "certifi"
version = "2025.4.26"
source = { registry = "https://pypi.org/simple" }
sdist = { url = "https://files.pythonhosted.org/packages/e8/9e/c05b3920a3b7d20d3d3310465f50348e5b3694f4f88c6daf736eef3024c4/certifi-2025.4.26.tar.gz", hash = "sha256:0a816057ea3cdefcef70270d2c515e4506bbc954f417fa5ade2021213bb8f0c6", size = 160705, upload-time = "2025-04-26T02:12:29.51Z" }
wheels = [
    { url = "https://files.pythonhosted.org/packages/4a/7e/3db2bd1b1f9e95f7cddca6d6e75e2f2bd9f51b1246e546d88addca0106bd/certifi-2025.4.26-py3-none-any.whl", hash = "sha256:30350364dfe371162649852c63336a15c70c6510c2ad5015b21c2345311805f3", size = 159618, upload-time = "2025-04-26T02:12:27.662Z" },
]

[[package]]
name = "construct"
version = "2.10.68"
source = { registry = "https://pypi.org/simple" }
sdist = { url = "https://files.pythonhosted.org/packages/e0/b7/a4a032e94bcfdff481f2e6fecd472794d9da09f474a2185ed33b2c7cad64/construct-2.10.68.tar.gz", hash = "sha256:7b2a3fd8e5f597a5aa1d614c3bd516fa065db01704c72a1efaaeec6ef23d8b45", size = 57856, upload-time = "2022-02-21T23:09:15.1Z" }

[[package]]
name = "construct-typing"
version = "0.5.6"
source = { registry = "https://pypi.org/simple" }
dependencies = [
    { name = "construct" },
]
sdist = { url = "https://files.pythonhosted.org/packages/42/5f/89f8e4fc17ea96ef9af66aa4818e00c4fb84c289c4c6879df411d11f15a4/construct-typing-0.5.6.tar.gz", hash = "sha256:0dc501351cd6b308f15ec54e5fe7c0fbc07cc1530a1b77b4303062a0a93c1297", size = 22716, upload-time = "2023-05-09T11:05:50.106Z" }
wheels = [
    { url = "https://files.pythonhosted.org/packages/3e/c5/d68c7b7e5e2875d199b49f86f9fda2b18a58ff0a835f608cb664bbc3a53e/construct_typing-0.5.6-py3-none-any.whl", hash = "sha256:39c948329e880564e33521cba497b21b07967c465b9c9037d6334e2cffa1ced9", size = 24098, upload-time = "2023-05-09T11:05:48.66Z" },
]

[[package]]
name = "dotenv"
version = "0.9.9"
source = { registry = "https://pypi.org/simple" }
dependencies = [
    { name = "python-dotenv" },
]
wheels = [
    { url = "https://files.pythonhosted.org/packages/b2/b7/545d2c10c1fc15e48653c91efde329a790f2eecfbbf2bd16003b5db2bab0/dotenv-0.9.9-py2.py3-none-any.whl", hash = "sha256:29cf74a087b31dafdb5a446b6d7e11cbce8ed2741540e2339c69fbef92c94ce9", size = 1892, upload-time = "2025-02-19T22:15:01.647Z" },
]

[[package]]
name = "h11"
version = "0.16.0"
source = { registry = "https://pypi.org/simple" }
sdist = { url = "https://files.pythonhosted.org/packages/01/ee/02a2c011bdab74c6fb3c75474d40b3052059d95df7e73351460c8588d963/h11-0.16.0.tar.gz", hash = "sha256:4e35b956cf45792e4caa5885e69fba00bdbc6ffafbfa020300e549b208ee5ff1", size = 101250, upload-time = "2025-04-24T03:35:25.427Z" }
wheels = [
    { url = "https://files.pythonhosted.org/packages/04/4b/29cac41a4d98d144bf5f6d33995617b185d14b22401f75ca86f384e87ff1/h11-0.16.0-py3-none-any.whl", hash = "sha256:63cf8bbe7522de3bf65932fda1d9c2772064ffb3dae62d55932da54b31cb6c86", size = 37515, upload-time = "2025-04-24T03:35:24.344Z" },
]

[[package]]
name = "httpcore"
version = "1.0.9"
source = { registry = "https://pypi.org/simple" }
dependencies = [
    { name = "certifi" },
    { name = "h11" },
]
sdist = { url = "https://files.pythonhosted.org/packages/06/94/82699a10bca87a5556c9c59b5963f2d039dbd239f25bc2a63907a05a14cb/httpcore-1.0.9.tar.gz", hash = "sha256:6e34463af53fd2ab5d807f399a9b45ea31c3dfa2276f15a2c3f00afff6e176e8", size = 85484, upload-time = "2025-04-24T22:06:22.219Z" }
wheels = [
    { url = "https://files.pythonhosted.org/packages/7e/f5/f66802a942d491edb555dd61e3a9961140fd64c90bce1eafd741609d334d/httpcore-1.0.9-py3-none-any.whl", hash = "sha256:2d400746a40668fc9dec9810239072b40b4484b640a8c38fd654a024c7a1bf55", size = 78784, upload-time = "2025-04-24T22:06:20.566Z" },
]

[[package]]
name = "httpx"
version = "0.28.1"
source = { registry = "https://pypi.org/simple" }
dependencies = [
    { name = "anyio" },
    { name = "certifi" },
    { name = "httpcore" },
    { name = "idna" },
]
sdist = { url = "https://files.pythonhosted.org/packages/b1/df/48c586a5fe32a0f01324ee087459e112ebb7224f646c0b5023f5e79e9956/httpx-0.28.1.tar.gz", hash = "sha256:75e98c5f16b0f35b567856f597f06ff2270a374470a5c2392242528e3e3e42fc", size = 141406, upload-time = "2024-12-06T15:37:23.222Z" }
wheels = [
    { url = "https://files.pythonhosted.org/packages/2a/39/e50c7c3a983047577ee07d2a9e53faf5a69493943ec3f6a384bdc792deb2/httpx-0.28.1-py3-none-any.whl", hash = "sha256:d909fcccc110f8c7faf814ca82a9a4d816bc5a6dbfea25d6591d6985b8ba59ad", size = 73517, upload-time = "2024-12-06T15:37:21.509Z" },
]

[[package]]
name = "idna"
version = "3.10"
source = { registry = "https://pypi.org/simple" }
sdist = { url = "https://files.pythonhosted.org/packages/f1/70/7703c29685631f5a7590aa73f1f1d3fa9a380e654b86af429e0934a32f7d/idna-3.10.tar.gz", hash = "sha256:12f65c9b470abda6dc35cf8e63cc574b1c52b11df2c86030af0ac09b01b13ea9", size = 190490, upload-time = "2024-09-15T18:07:39.745Z" }
wheels = [
    { url = "https://files.pythonhosted.org/packages/76/c6/c88e154df9c4e1a2a66ccf0005a88dfb2650c1dffb6f5ce603dfbd452ce3/idna-3.10-py3-none-any.whl", hash = "sha256:946d195a0d259cbba61165e88e65941f16e9b36ea6ddb97f00452bae8b1287d3", size = 70442, upload-time = "2024-09-15T18:07:37.964Z" },
]

[[package]]
name = "jsonalias"
version = "0.1.1"
source = { registry = "https://pypi.org/simple" }
sdist = { url = "https://files.pythonhosted.org/packages/ec/45/ee7e17002cb7f3264f755ff6a1a72c55d1830e07808d643167d2a2277c4f/jsonalias-0.1.1.tar.gz", hash = "sha256:64f04d935397d579fc94509e1fcb6212f2d081235d9d6395bd10baedf760a769", size = 1095, upload-time = "2022-10-28T22:57:56.224Z" }
wheels = [
    { url = "https://files.pythonhosted.org/packages/41/ed/05aebce69f78c104feff2ffcdd5a6f9d668a208aba3a8bf56e3750809fd8/jsonalias-0.1.1-py3-none-any.whl", hash = "sha256:a56d2888e6397812c606156504e861e8ec00e188005af149f003c787db3d3f18", size = 1312, upload-time = "2022-10-28T22:57:54.763Z" },
]

[[package]]
name = "playground"
version = "0.1.0"
source = { virtual = "." }
dependencies = [
    { name = "dotenv" },
    { name = "solana" },
]

[package.metadata]
requires-dist = [
    { name = "dotenv", specifier = ">=0.9.9" },
    { name = "solana", specifier = ">=0.36.6" },
]

[[package]]
name = "python-dotenv"
version = "1.1.0"
source = { registry = "https://pypi.org/simple" }
sdist = { url = "https://files.pythonhosted.org/packages/88/2c/7bb1416c5620485aa793f2de31d3df393d3686aa8a8506d11e10e13c5baf/python_dotenv-1.1.0.tar.gz", hash = "sha256:41f90bc6f5f177fb41f53e87666db362025010eb28f60a01c9143bfa33a2b2d5", size = 39920, upload-time = "2025-03-25T10:14:56.835Z" }
wheels = [
    { url = "https://files.pythonhosted.org/packages/1e/18/98a99ad95133c6a6e2005fe89faedf294a748bd5dc803008059409ac9b1e/python_dotenv-1.1.0-py3-none-any.whl", hash = "sha256:d7c01d9e2293916c18baf562d95698754b0dbbb5e74d457c45d4f6561fb9d55d", size = 20256, upload-time = "2025-03-25T10:14:55.034Z" },
]

[[package]]
name = "sniffio"
version = "1.3.1"
source = { registry = "https://pypi.org/simple" }
sdist = { url = "https://files.pythonhosted.org/packages/a2/87/a6771e1546d97e7e041b6ae58d80074f81b7d5121207425c964ddf5cfdbd/sniffio-1.3.1.tar.gz", hash = "sha256:f4324edc670a0f49750a81b895f35c3adb843cca46f0530f79fc1babb23789dc", size = 20372, upload-time = "2024-02-25T23:20:04.057Z" }
wheels = [
    { url = "https://files.pythonhosted.org/packages/e9/44/75a9c9421471a6c4805dbf2356f7c181a29c1879239abab1ea2cc8f38b40/sniffio-1.3.1-py3-none-any.whl", hash = "sha256:2f6da418d1f1e0fddd844478f41680e794e6051915791a034ff65e5f100525a2", size = 10235, upload-time = "2024-02-25T23:20:01.196Z" },
]

[[package]]
name = "solana"
version = "0.36.6"
source = { registry = "https://pypi.org/simple" }
dependencies = [
    { name = "construct-typing" },
    { name = "httpx" },
    { name = "solders" },
    { name = "typing-extensions" },
    { name = "websockets" },
]
sdist = { url = "https://files.pythonhosted.org/packages/03/7d/ff1006867566c802c8d99b528893bb04b1ec4f9e18191db32e143773e68d/solana-0.36.6.tar.gz", hash = "sha256:aa2403bc36bb06ea5bf56f6856373a50ae8b1c3a45261d5a4c911350f7427c00", size = 52132, upload-time = "2025-02-22T21:17:27.768Z" }
wheels = [
    { url = "https://files.pythonhosted.org/packages/4d/7a/56650a6771626cd9509b19fb5e26ecd5a4c7057679f803a437f73ea62507/solana-0.36.6-py3-none-any.whl", hash = "sha256:c0526b602d834cb762102f854be469be6657731db0d016a985bbabd6212dd09d", size = 62272, upload-time = "2025-02-22T21:17:26.592Z" },
]

[[package]]
name = "solders"
version = "0.26.0"
source = { registry = "https://pypi.org/simple" }
dependencies = [
    { name = "jsonalias" },
    { name = "typing-extensions" },
]
sdist = { url = "https://files.pythonhosted.org/packages/87/96/23ad2e43e2676b78834064fe051e3db3ce1899336ecd4797f92fcd06113a/solders-0.26.0.tar.gz", hash = "sha256:057533892d6fa432c1ce1e2f5e3428802964666c10b57d3d1bcaab86295f046c", size = 181123, upload-time = "2025-02-18T19:23:57.734Z" }
wheels = [
    { url = "https://files.pythonhosted.org/packages/a5/ce/58bbb4d2c696e770cdd37e5f6dc2891ef7610c0c085bf400f9c42dcff1ad/solders-0.26.0-cp37-abi3-macosx_10_12_x86_64.macosx_11_0_arm64.macosx_10_12_universal2.whl", hash = "sha256:9c1a0ef5daa1a05934af5fb6e7e32eab7c42cede406c80067fee006f461ffc4a", size = 24344472, upload-time = "2025-02-18T19:23:30.273Z" },
    { url = "https://files.pythonhosted.org/packages/5a/35/221cec0e5900c2202833e7e9110c3405a2d96ed25e110b247f88b8782e29/solders-0.26.0-cp37-abi3-manylinux_2_17_armv7l.manylinux2014_armv7l.whl", hash = "sha256:1b964efbd7c0b38aef3bf4293ea5938517ae649b9a23e7cd147d889931775aab", size = 6674734, upload-time = "2025-02-18T19:23:35.15Z" },
    { url = "https://files.pythonhosted.org/packages/41/33/d17b7dbc92672351d59fc65cdb93b8924fc682deba09f6d96f25440187ae/solders-0.26.0-cp37-abi3-manylinux_2_17_x86_64.manylinux2014_x86_64.whl", hash = "sha256:36e6a769c5298b887b7588edb171d93709a89302aef75913fe893d11c653739d", size = 13472961, upload-time = "2025-02-18T19:23:38.582Z" },
    { url = "https://files.pythonhosted.org/packages/bb/e7/533367d815ab000587ccc37d89e154132f63347f02dcaaac5df72bd851de/solders-0.26.0-cp37-abi3-manylinux_2_28_aarch64.whl", hash = "sha256:b3cc55b971ec6ed1b4466fa7e7e09eee9baba492b8cd9e3204e3e1a0c5a0c4aa", size = 6886198, upload-time = "2025-02-18T19:23:41.453Z" },
    { url = "https://files.pythonhosted.org/packages/52/e0/ab41ab3df5fdf3b0e55613be93a43c2fe58b15a6ea8ceca26d3fba02e3c6/solders-0.26.0-cp37-abi3-manylinux_2_5_i686.manylinux1_i686.whl", hash = "sha256:3e3973074c17265921c70246a17bcf80972c5b96a3e1ed7f5049101f11865092", size = 7319170, upload-time = "2025-02-18T19:23:43.758Z" },
    { url = "https://files.pythonhosted.org/packages/7d/34/5174ce592607e0ac020aff203217f2f113a55eec49af3db12945fea42d89/solders-0.26.0-cp37-abi3-musllinux_1_2_i686.whl", hash = "sha256:59b52419452602f697e659199a25acacda8365971c376ef3c0687aecdd929e07", size = 7134977, upload-time = "2025-02-18T19:23:46.157Z" },
    { url = "https://files.pythonhosted.org/packages/ba/5e/822faabda0d473c29bdf59fe8869a411fd436af8ca6f5d6e89f7513f682f/solders-0.26.0-cp37-abi3-musllinux_1_2_x86_64.whl", hash = "sha256:5946ec3f2a340afa9ce5c2b8ab628ae1dea2ad2235551b1297cafdd7e3e5c51a", size = 6984222, upload-time = "2025-02-18T19:23:49.429Z" },
    { url = "https://files.pythonhosted.org/packages/23/e8/dc992f677762ea2de44b7768120d95887ef39fab10d6f29fb53e6a9882c1/solders-0.26.0-cp37-abi3-win_amd64.whl", hash = "sha256:5466616610170aab08c627ae01724e425bcf90085bc574da682e9f3bd954900b", size = 5480492, upload-time = "2025-02-18T19:23:53.285Z" },
]

[[package]]
name = "typing-extensions"
version = "4.13.2"
source = { registry = "https://pypi.org/simple" }
sdist = { url = "https://files.pythonhosted.org/packages/f6/37/23083fcd6e35492953e8d2aaaa68b860eb422b34627b13f2ce3eb6106061/typing_extensions-4.13.2.tar.gz", hash = "sha256:e6c81219bd689f51865d9e372991c540bda33a0379d5573cddb9a3a23f7caaef", size = 106967, upload-time = "2025-04-10T14:19:05.416Z" }
wheels = [
    { url = "https://files.pythonhosted.org/packages/8b/54/b1ae86c0973cc6f0210b53d508ca3641fb6d0c56823f288d108bc7ab3cc8/typing_extensions-4.13.2-py3-none-any.whl", hash = "sha256:a439e7c04b49fec3e5d3e2beaa21755cadbbdc391694e28ccdd36ca4a1408f8c", size = 45806, upload-time = "2025-04-10T14:19:03.967Z" },
]

[[package]]
name = "websockets"
version = "15.0"
source = { registry = "https://pypi.org/simple" }
sdist = { url = "https://files.pythonhosted.org/packages/2e/7a/8bc4d15af7ff30f7ba34f9a172063bfcee9f5001d7cef04bee800a658f33/websockets-15.0.tar.gz", hash = "sha256:ca36151289a15b39d8d683fd8b7abbe26fc50be311066c5f8dcf3cb8cee107ab", size = 175574, upload-time = "2025-02-16T11:06:55.664Z" }
wheels = [
    { url = "https://files.pythonhosted.org/packages/12/23/be28dc1023707ac51768f848d28a946443041a348ee3a54abdf9f6283372/websockets-15.0-cp313-cp313-macosx_10_13_universal2.whl", hash = "sha256:d2244d8ab24374bed366f9ff206e2619345f9cd7fe79aad5225f53faac28b6b1", size = 174714, upload-time = "2025-02-16T11:05:53.236Z" },
    { url = "https://files.pythonhosted.org/packages/8f/ff/02b5e9fbb078e7666bf3d25c18c69b499747a12f3e7f2776063ef3fb7061/websockets-15.0-cp313-cp313-macosx_10_13_x86_64.whl", hash = "sha256:3a302241fbe825a3e4fe07666a2ab513edfdc6d43ce24b79691b45115273b5e7", size = 172374, upload-time = "2025-02-16T11:05:55.551Z" },
    { url = "https://files.pythonhosted.org/packages/8e/61/901c8d4698e0477eff4c3c664d53f898b601fa83af4ce81946650ec2a4cb/websockets-15.0-cp313-cp313-macosx_11_0_arm64.whl", hash = "sha256:10552fed076757a70ba2c18edcbc601c7637b30cdfe8c24b65171e824c7d6081", size = 172605, upload-time = "2025-02-16T11:05:57.613Z" },
    { url = "https://files.pythonhosted.org/packages/d2/4b/dc47601a80dff317aecf8da7b4ab278d11d3494b2c373b493e4887561f90/websockets-15.0-cp313-cp313-manylinux_2_17_aarch64.manylinux2014_aarch64.whl", hash = "sha256:c53f97032b87a406044a1c33d1e9290cc38b117a8062e8a8b285175d7e2f99c9", size = 182380, upload-time = "2025-02-16T11:05:58.984Z" },
    { url = "https://files.pythonhosted.org/packages/83/f7/b155d2b38f05ed47a0b8de1c9ea245fcd7fc625d89f35a37eccba34b42de/websockets-15.0-cp313-cp313-manylinux_2_5_i686.manylinux1_i686.manylinux_2_17_i686.manylinux2014_i686.whl", hash = "sha256:1caf951110ca757b8ad9c4974f5cac7b8413004d2f29707e4d03a65d54cedf2b", size = 181325, upload-time = "2025-02-16T11:06:01.381Z" },
    { url = "https://files.pythonhosted.org/packages/d3/ff/040a20c01c294695cac0e361caf86f33347acc38f164f6d2be1d3e007d9f/websockets-15.0-cp313-cp313-manylinux_2_5_x86_64.manylinux1_x86_64.manylinux_2_17_x86_64.manylinux2014_x86_64.whl", hash = "sha256:8bf1ab71f9f23b0a1d52ec1682a3907e0c208c12fef9c3e99d2b80166b17905f", size = 181763, upload-time = "2025-02-16T11:06:04.344Z" },
    { url = "https://files.pythonhosted.org/packages/cb/6a/af23e93678fda8341ac8775e85123425e45c608389d3514863c702896ea5/websockets-15.0-cp313-cp313-musllinux_1_2_aarch64.whl", hash = "sha256:bfcd3acc1a81f106abac6afd42327d2cf1e77ec905ae11dc1d9142a006a496b6", size = 182097, upload-time = "2025-02-16T11:06:05.722Z" },
    { url = "https://files.pythonhosted.org/packages/7e/3e/1069e159c30129dc03c01513b5830237e576f47cedb888777dd885cae583/websockets-15.0-cp313-cp313-musllinux_1_2_i686.whl", hash = "sha256:c8c5c8e1bac05ef3c23722e591ef4f688f528235e2480f157a9cfe0a19081375", size = 181485, upload-time = "2025-02-16T11:06:07.076Z" },
    { url = "https://files.pythonhosted.org/packages/9a/a7/c91c47103f1cd941b576bbc452601e9e01f67d5c9be3e0a9abe726491ab5/websockets-15.0-cp313-cp313-musllinux_1_2_x86_64.whl", hash = "sha256:86bfb52a9cfbcc09aba2b71388b0a20ea5c52b6517c0b2e316222435a8cdab72", size = 181466, upload-time = "2025-02-16T11:06:08.927Z" },
    { url = "https://files.pythonhosted.org/packages/16/32/a4ca6e3d56c24aac46b0cf5c03b841379f6409d07fc2044b244f90f54105/websockets-15.0-cp313-cp313-win32.whl", hash = "sha256:26ba70fed190708551c19a360f9d7eca8e8c0f615d19a574292b7229e0ae324c", size = 175673, upload-time = "2025-02-16T11:06:11.188Z" },
    { url = "https://files.pythonhosted.org/packages/c0/31/25a417a23e985b61ffa5544f9facfe4a118cb64d664c886f1244a8baeca5/websockets-15.0-cp313-cp313-win_amd64.whl", hash = "sha256:ae721bcc8e69846af00b7a77a220614d9b2ec57d25017a6bbde3a99473e41ce8", size = 176115, upload-time = "2025-02-16T11:06:12.602Z" },
    { url = "https://files.pythonhosted.org/packages/e8/b2/31eec524b53f01cd8343f10a8e429730c52c1849941d1f530f8253b6d934/websockets-15.0-py3-none-any.whl", hash = "sha256:51ffd53c53c4442415b613497a34ba0aa7b99ac07f1e4a62db5dcd640ae6c3c3", size = 169023, upload-time = "2025-02-16T11:06:53.32Z" },
]
